github.com/tinygo-org/pio v0.2.0 h1:vo3xa6xDZ2rVtxrks/KcTZHF3qq4lyWOntvEvl2pOhU=
github.com/tinygo-org/pio v0.2.0/go.mod h1:LU7Dw00NJ+N86QkeTGjMLNkYcEYMor6wTDpTCu0EaH8=
github.com/tinygo-org/pio v0.2.1-0.20251019180351-6e5b8f599f6e h1:A8VRk2Z6KecQETyf0cdmkvMt+l7nTWjHjLtEJp4QS5Q=
github.com/tinygo-org/pio v0.2.1-0.20251019180351-6e5b8f599f6e/go.mod h1:wf6c6lKZp+pQOzKKcpzchmRuhiMc27ABRuo7KVnaMFU=
